
Microsoft Visual Studio Solution File, Format Version 12.00
# Visual Studio Version 17
VisualStudioVersion = 17.0.31903.59
MinimumVisualStudioVersion = 10.0.40219.1
Project("{FAE04EC0-301F-11D3-BF4B-00C04F79EFBC}") = "VoltixFlowAPI", "VoltixFlowAPI\VoltixFlowAPI.csproj", "{C841C5FA-5D64-4ED6-ACBE-38585DF7423D}"
EndProject
Global
	GlobalSection(SolutionConfigurationPlatforms) = preSolution
		Debug|Any CPU = Debug|Any CPU
		Release|Any CPU = Release|Any CPU
	EndGlobalSection
	GlobalSection(SolutionProperties) = preSolution
		HideSolutionNode = FALSE
	EndGlobalSection
	GlobalSection(ProjectConfigurationPlatforms) = postSolution
		{C841C5FA-5D64-4ED6-ACBE-38585DF7423D}.Debug|Any CPU.ActiveCfg = Debug|Any CPU
		{C841C5FA-5D64-4ED6-ACBE-38585DF7423D}.Debug|Any CPU.Build.0 = Debug|Any CPU
		{C841C5FA-5D64-4ED6-ACBE-38585DF7423D}.Release|Any CPU.ActiveCfg = Release|Any CPU
		{C841C5FA-5D64-4ED6-ACBE-38585DF7423D}.Release|Any CPU.Build.0 = Release|Any CPU
	EndGlobalSection
EndGlobal
